// !$*UTF8*$!
{
	archiveVersion = 1;
	classes = {
	};
	objectVersion = 56;
	objects = {

/* Begin PBXBuildFile section */
		7BBCE25929ACD8A4004DFC31 /* CustomFontsApp.swift in Sources */ = {isa = PBXBuildFile; fileRef = 7BBCE25829ACD8A4004DFC31 /* CustomFontsApp.swift */; };
		7BBCE25B29ACD8A4004DFC31 /* ContentView.swift in Sources */ = {isa = PBXBuildFile; fileRef = 7BBCE25A29ACD8A4004DFC31 /* ContentView.swift */; };
		7BBCE25D29ACD8AB004DFC31 /* Assets.xcassets in Resources */ = {isa = PBXBuildFile; fileRef = 7BBCE25C29ACD8AB004DFC31 /* Assets.xcassets */; };
		7BBCE26029ACD8AB004DFC31 /* Preview Assets.xcassets in Resources */ = {isa = PBXBuildFile; fileRef = 7BBCE25F29ACD8AB004DFC31 /* Preview Assets.xcassets */; };
		7BBCE2AC29ACD9E5004DFC31 /* OpenSans-SemiBold.ttf in Resources */ = {isa = PBXBuildFile; fileRef = 7BBCE28429ACD9E4004DFC31 /* OpenSans-SemiBold.ttf */; };
		7BBCE2AD29ACD9E5004DFC31 /* OpenSans-Light.ttf in Resources */ = {isa = PBXBuildFile; fileRef = 7BBCE28529ACD9E4004DFC31 /* OpenSans-Light.ttf */; };
		7BBCE2AE29ACD9E5004DFC31 /* OpenSans-Italic.ttf in Resources */ = {isa = PBXBuildFile; fileRef = 7BBCE28629ACD9E4004DFC31 /* OpenSans-Italic.ttf */; };
		7BBCE2AF29ACD9E5004DFC31 /* OpenSans-MediumItalic.ttf in Resources */ = {isa = PBXBuildFile; fileRef = 7BBCE28729ACD9E4004DFC31 /* OpenSans-MediumItalic.ttf */; };
		7BBCE2B029ACD9E5004DFC31 /* OpenSans-ExtraBold.ttf in Resources */ = {isa = PBXBuildFile; fileRef = 7BBCE28829ACD9E4004DFC31 /* OpenSans-ExtraBold.ttf */; };
		7BBCE2B129ACD9E5004DFC31 /* OpenSans-LightItalic.ttf in Resources */ = {isa = PBXBuildFile; fileRef = 7BBCE28929ACD9E4004DFC31 /* OpenSans-LightItalic.ttf */; };
		7BBCE2B229ACD9E5004DFC31 /* OpenSans-Bold.ttf in Resources */ = {isa = PBXBuildFile; fileRef = 7BBCE28A29ACD9E4004DFC31 /* OpenSans-Bold.ttf */; };
		7BBCE2B329ACD9E5004DFC31 /* OpenSans-SemiBoldItalic.ttf in Resources */ = {isa = PBXBuildFile; fileRef = 7BBCE28B29ACD9E4004DFC31 /* OpenSans-SemiBoldItalic.ttf */; };
		7BBCE2B429ACD9E5004DFC31 /* OpenSans-Medium.ttf in Resources */ = {isa = PBXBuildFile; fileRef = 7BBCE28C29ACD9E4004DFC31 /* OpenSans-Medium.ttf */; };
		7BBCE2B529ACD9E5004DFC31 /* OpenSans-ExtraBoldItalic.ttf in Resources */ = {isa = PBXBuildFile; fileRef = 7BBCE28D29ACD9E4004DFC31 /* OpenSans-ExtraBoldItalic.ttf */; };
		7BBCE2B629ACD9E5004DFC31 /* OpenSans-Regular.ttf in Resources */ = {isa = PBXBuildFile; fileRef = 7BBCE28E29ACD9E4004DFC31 /* OpenSans-Regular.ttf */; };
		7BBCE2B729ACD9E5004DFC31 /* OpenSans-BoldItalic.ttf in Resources */ = {isa = PBXBuildFile; fileRef = 7BBCE28F29ACD9E4004DFC31 /* OpenSans-BoldItalic.ttf */; };
/* End PBXBuildFile section */

/* Begin PBXFileReference section */
		7BBCE25529ACD8A4004DFC31 /* CustomFonts.app */ = {isa = PBXFileReference; explicitFileType = wrapper.application; includeInIndex = 0; path = CustomFonts.app; sourceTree = BUILT_PRODUCTS_DIR; };
		7BBCE25829ACD8A4004DFC31 /* CustomFontsApp.swift */ = {isa = PBXFileReference; lastKnownFileType = sourcecode.swift; path = CustomFontsApp.swift; sourceTree = "<group>"; };
		7BBCE25A29ACD8A4004DFC31 /* ContentView.swift */ = {isa = PBXFileReference; lastKnownFileType = sourcecode.swift; path = ContentView.swift; sourceTree = "<group>"; };
		7BBCE25C29ACD8AB004DFC31 /* Assets.xcassets */ = {isa = PBXFileReference; lastKnownFileType = folder.assetcatalog; path = Assets.xcassets; sourceTree = "<group>"; };
		7BBCE25F29ACD8AB004DFC31 /* Preview Assets.xcassets */ = {isa = PBXFileReference; lastKnownFileType = folder.assetcatalog; path = "Preview Assets.xcassets"; sourceTree = "<group>"; };
		7BBCE28429ACD9E4004DFC31 /* OpenSans-SemiBold.ttf */ = {isa = PBXFileReference; lastKnownFileType = file; path = "OpenSans-SemiBold.ttf"; sourceTree = "<group>"; };
		7BBCE28529ACD9E4004DFC31 /* OpenSans-Light.ttf */ = {isa = PBXFileReference; lastKnownFileType = file; path = "OpenSans-Light.ttf"; sourceTree = "<group>"; };
		7BBCE28629ACD9E4004DFC31 /* OpenSans-Italic.ttf */ = {isa = PBXFileReference; lastKnownFileType = file; path = "OpenSans-Italic.ttf"; sourceTree = "<group>"; };
		7BBCE28729ACD9E4004DFC31 /* OpenSans-MediumItalic.ttf */ = {isa = PBXFileReference; lastKnownFileType = file; path = "OpenSans-MediumItalic.ttf"; sourceTree = "<group>"; };
		7BBCE28829ACD9E4004DFC31 /* OpenSans-ExtraBold.ttf */ = {isa = PBXFileReference; lastKnownFileType = file; path = "OpenSans-ExtraBold.ttf"; sourceTree = "<group>"; };
		7BBCE28929ACD9E4004DFC31 /* OpenSans-LightItalic.ttf */ = {isa = PBXFileReference; lastKnownFileType = file; path = "OpenSans-LightItalic.ttf"; sourceTree = "<group>"; };
		7BBCE28A29ACD9E4004DFC31 /* OpenSans-Bold.ttf */ = {isa = PBXFileReference; lastKnownFileType = file; path = "OpenSans-Bold.ttf"; sourceTree = "<group>"; };
		7BBCE28B29ACD9E4004DFC31 /* OpenSans-SemiBoldItalic.ttf */ = {isa = PBXFileReference; lastKnownFileType = file; path = "OpenSans-SemiBoldItalic.ttf"; sourceTree = "<group>"; };
		7BBCE28C29ACD9E4004DFC31 /* OpenSans-Medium.ttf */ = {isa = PBXFileReference; lastKnownFileType = file; path = "OpenSans-Medium.ttf"; sourceTree = "<group>"; };
		7BBCE28D29ACD9E4004DFC31 /* OpenSans-ExtraBoldItalic.ttf */ = {isa = PBXFileReference; lastKnownFileType = file; path = "OpenSans-ExtraBoldItalic.ttf"; sourceTree = "<group>"; };
		7BBCE28E29ACD9E4004DFC31 /* OpenSans-Regular.ttf */ = {isa = PBXFileReference; lastKnownFileType = file; path = "OpenSans-Regular.ttf"; sourceTree = "<group>"; };
		7BBCE28F29ACD9E4004DFC31 /* OpenSans-BoldItalic.ttf */ = {isa = PBXFileReference; lastKnownFileType = file; path = "OpenSans-BoldItalic.ttf"; sourceTree = "<group>"; };
		7BBCE2BB29ACDA44004DFC31 /* Info.plist */ = {isa = PBXFileReference; lastKnownFileType = text.plist; path = Info.plist; sourceTree = "<group>"; };
/* End PBXFileReference section */

/* Begin PBXFrameworksBuildPhase section */
		7BBCE25229ACD8A4004DFC31 /* Frameworks */ = {
			isa = PBXFrameworksBuildPhase;
			buildActionMask = 2147483647;
			files = (
			);
			runOnlyForDeploymentPostprocessing = 0;
		};
/* End PBXFrameworksBuildPhase section */

/* Begin PBXGroup section */
		7BBCE24C29ACD8A3004DFC31 = {
			isa = PBXGroup;
			children = (
				7BBCE25729ACD8A4004DFC31 /* CustomFonts */,
				7BBCE25629ACD8A4004DFC31 /* Products */,
			);
			sourceTree = "<group>";
		};
		7BBCE25629ACD8A4004DFC31 /* Products */ = {
			isa = PBXGroup;
			children = (
				7BBCE25529ACD8A4004DFC31 /* CustomFonts.app */,
			);
			name = Products;
			sourceTree = "<group>";
		};
		7BBCE25729ACD8A4004DFC31 /* CustomFonts */ = {
			isa = PBXGroup;
			children = (
				7BBCE2BB29ACDA44004DFC31 /* Info.plist */,
				7BBCE25829ACD8A4004DFC31 /* CustomFontsApp.swift */,
				7BBCE25A29ACD8A4004DFC31 /* ContentView.swift */,
				7BBCE25C29ACD8AB004DFC31 /* Assets.xcassets */,
				7BBCE28329ACD9E4004DFC31 /* OpenSans */,
				7BBCE25E29ACD8AB004DFC31 /* Preview Content */,
			);
			path = CustomFonts;
			sourceTree = "<group>";
		};
		7BBCE25E29ACD8AB004DFC31 /* Preview Content */ = {
			isa = PBXGroup;
			children = (
				7BBCE25F29ACD8AB004DFC31 /* Preview Assets.xcassets */,
			);
			path = "Preview Content";
			sourceTree = "<group>";
		};
		7BBCE28329ACD9E4004DFC31 /* OpenSans */ = {
			isa = PBXGroup;
			children = (
				7BBCE28429ACD9E4004DFC31 /* OpenSans-SemiBold.ttf */,
				7BBCE28529ACD9E4004DFC31 /* OpenSans-Light.ttf */,
				7BBCE28629ACD9E4004DFC31 /* OpenSans-Italic.ttf */,
				7BBCE28729ACD9E4004DFC31 /* OpenSans-MediumItalic.ttf */,
				7BBCE28829ACD9E4004DFC31 /* OpenSans-ExtraBold.ttf */,
				7BBCE28929ACD9E4004DFC31 /* OpenSans-LightItalic.ttf */,
				7BBCE28A29ACD9E4004DFC31 /* OpenSans-Bold.ttf */,
				7BBCE28B29ACD9E4004DFC31 /* OpenSans-SemiBoldItalic.ttf */,
				7BBCE28C29ACD9E4004DFC31 /* OpenSans-Medium.ttf */,
				7BBCE28D29ACD9E4004DFC31 /* OpenSans-ExtraBoldItalic.ttf */,
				7BBCE28E29ACD9E4004DFC31 /* OpenSans-Regular.ttf */,
				7BBCE28F29ACD9E4004DFC31 /* OpenSans-BoldItalic.ttf */,
			);
			path = OpenSans;
			sourceTree = "<group>";
		};
/* End PBXGroup section */

/* Begin PBXNativeTarget section */
		7BBCE25429ACD8A4004DFC31 /* CustomFonts */ = {
			isa = PBXNativeTarget;
			buildConfigurationList = 7BBCE26329ACD8AB004DFC31 /* Build configuration list for PBXNativeTarget "CustomFonts" */;
			buildPhases = (
				7BBCE25129ACD8A4004DFC31 /* Sources */,
				7BBCE25229ACD8A4004DFC31 /* Frameworks */,
				7BBCE25329ACD8A4004DFC31 /* Resources */,
			);
			buildRules = (
			);
			dependencies = (
			);
			name = CustomFonts;
			productName = CustomFonts;
			productReference = 7BBCE25529ACD8A4004DFC31 /* CustomFonts.app */;
			productType = "com.apple.product-type.application";
		};
/* End PBXNativeTarget section */

/* Begin PBXProject section */
		7BBCE24D29ACD8A3004DFC31 /* Project object */ = {
			isa = PBXProject;
			attributes = {
				BuildIndependentTargetsInParallel = 1;
				LastSwiftUpdateCheck = 1420;
				LastUpgradeCheck = 1420;
				TargetAttributes = {
					7BBCE25429ACD8A4004DFC31 = {
						CreatedOnToolsVersion = 14.2;
					};
				};
			};
			buildConfigurationList = 7BBCE25029ACD8A3004DFC31 /* Build configuration list for PBXProject "CustomFonts" */;
			compatibilityVersion = "Xcode 14.0";
			developmentRegion = en;
			hasScannedForEncodings = 0;
			knownRegions = (
				en,
				Base,
			);
			mainGroup = 7BBCE24C29ACD8A3004DFC31;
			productRefGroup = 7BBCE25629ACD8A4004DFC31 /* Products */;
			projectDirPath = "";
			projectRoot = "";
			targets = (
				7BBCE25429ACD8A4004DFC31 /* CustomFonts */,
			);
		};
/* End PBXProject section */

/* Begin PBXResourcesBuildPhase section */
		7BBCE25329ACD8A4004DFC31 /* Resources */ = {
			isa = PBXResourcesBuildPhase;
			buildActionMask = 2147483647;
			files = (
				7BBCE2AE29ACD9E5004DFC31 /* OpenSans-Italic.ttf in Resources */,
				7BBCE2B129ACD9E5004DFC31 /* OpenSans-LightItalic.ttf in Resources */,
				7BBCE2B629ACD9E5004DFC31 /* OpenSans-Regular.ttf in Resources */,
				7BBCE26029ACD8AB004DFC31 /* Preview Assets.xcassets in Resources */,
				7BBCE2B029ACD9E5004DFC31 /* OpenSans-ExtraBold.ttf in Resources */,
				7BBCE25D29ACD8AB004DFC31 /* Assets.xcassets in Resources */,
				7BBCE2B329ACD9E5004DFC31 /* OpenSans-SemiBoldItalic.ttf in Resources */,
				7BBCE2B729ACD9E5004DFC31 /* OpenSans-BoldItalic.ttf in Resources */,
				7BBCE2AC29ACD9E5004DFC31 /* OpenSans-SemiBold.ttf in Resources */,
				7BBCE2B229ACD9E5004DFC31 /* OpenSans-Bold.ttf in Resources */,
				7BBCE2AF29ACD9E5004DFC31 /* OpenSans-MediumItalic.ttf in Resources */,
				7BBCE2B429ACD9E5004DFC31 /* OpenSans-Medium.ttf in Resources */,
				7BBCE2AD29ACD9E5004DFC31 /* OpenSans-Light.ttf in Resources */,
				7BBCE2B529ACD9E5004DFC31 /* OpenSans-ExtraBoldItalic.ttf in Resources */,
			);
			runOnlyForDeploymentPostprocessing = 0;
		};
/* End PBXResourcesBuildPhase section */

/* Begin PBXSourcesBuildPhase section */
		7BBCE25129ACD8A4004DFC31 /* Sources */ = {
			isa = PBXSourcesBuildPhase;
			buildActionMask = 2147483647;
			files = (
				7BBCE25B29ACD8A4004DFC31 /* ContentView.swift in Sources */,
				7BBCE25929ACD8A4004DFC31 /* CustomFontsApp.swift in Sources */,
			);
			runOnlyForDeploymentPostprocessing = 0;
		};
/* End PBXSourcesBuildPhase section */

/* Begin XCBuildConfiguration section */
		7BBCE26129ACD8AB004DFC31 /* Debug */ = {
			isa = XCBuildConfiguration;
			buildSettings = {
				ALWAYS_SEARCH_USER_PATHS = NO;
				CLANG_ANALYZER_NONNULL = YES;
				CLANG_ANALYZER_NUMBER_OBJECT_CONVERSION = YES_AGGRESSIVE;
				CLANG_CXX_LANGUAGE_STANDARD = "gnu++20";
				CLANG_ENABLE_MODULES = YES;
				CLANG_ENABLE_OBJC_ARC = YES;
				CLANG_ENABLE_OBJC_WEAK = YES;
				CLANG_WARN_BLOCK_CAPTURE_AUTORELEASING = YES;
				CLANG_WARN_BOOL_CONVERSION = YES;
				CLANG_WARN_COMMA = YES;
				CLANG_WARN_CONSTANT_CONVERSION = YES;
				CLANG_WARN_DEPRECATED_OBJC_IMPLEMENTATIONS = YES;
				CLANG_WARN_DIRECT_OBJC_ISA_USAGE = YES_ERROR;
				CLANG_WARN_DOCUMENTATION_COMMENTS = YES;
				CLANG_WARN_EMPTY_BODY = YES;
				CLANG_WARN_ENUM_CONVERSION = YES;
				CLANG_WARN_INFINITE_RECURSION = YES;
				CLANG_WARN_INT_CONVERSION = YES;
				CLANG_WARN_NON_LITERAL_NULL_CONVERSION = YES;
				CLANG_WARN_OBJC_IMPLICIT_RETAIN_SELF = YES;
				CLANG_WARN_OBJC_LITERAL_CONVERSION = YES;
				CLANG_WARN_OBJC_ROOT_CLASS = YES_ERROR;
				CLANG_WARN_QUOTED_INCLUDE_IN_FRAMEWORK_HEADER = YES;
				CLANG_WARN_RANGE_LOOP_ANALYSIS = YES;
				CLANG_WARN_STRICT_PROTOTYPES = YES;
				CLANG_WARN_SUSPICIOUS_MOVE = YES;
				CLANG_WARN_UNGUARDED_AVAILABILITY = YES_AGGRESSIVE;
				CLANG_WARN_UNREACHABLE_CODE = YES;
				CLANG_WARN__DUPLICATE_METHOD_MATCH = YES;
				COPY_PHASE_STRIP = NO;
				DEBUG_INFORMATION_FORMAT = dwarf;
				ENABLE_STRICT_OBJC_MSGSEND = YES;
				ENABLE_TESTABILITY = YES;
				GCC_C_LANGUAGE_STANDARD = gnu11;
				GCC_DYNAMIC_NO_PIC = NO;
				GCC_NO_COMMON_BLOCKS = YES;
				GCC_OPTIMIZATION_LEVEL = 0;
				GCC_PREPROCESSOR_DEFINITIONS = (
					"DEBUG=1",
					"$(inherited)",
				);
				GCC_WARN_64_TO_32_BIT_CONVERSION = YES;
				GCC_WARN_ABOUT_RETURN_TYPE = YES_ERROR;
				GCC_WARN_UNDECLARED_SELECTOR = YES;
				GCC_WARN_UNINITIALIZED_AUTOS = YES_AGGRESSIVE;
				GCC_WARN_UNUSED_FUNCTION = YES;
				GCC_WARN_UNUSED_VARIABLE = YES;
				IPHONEOS_DEPLOYMENT_TARGET = 16.2;
				MTL_ENABLE_DEBUG_INFO = INCLUDE_SOURCE;
				MTL_FAST_MATH = YES;
				ONLY_ACTIVE_ARCH = YES;
				SDKROOT = iphoneos;
				SWIFT_ACTIVE_COMPILATION_CONDITIONS = DEBUG;
				SWIFT_OPTIMIZATION_LEVEL = "-Onone";
			};
			name = Debug;
		};
		7BBCE26229ACD8AB004DFC31 /* Release */ = {
			isa = XCBuildConfiguration;
			buildSettings = {
				ALWAYS_SEARCH_USER_PATHS = NO;
				CLANG_ANALYZER_NONNULL = YES;
				CLANG_ANALYZER_NUMBER_OBJECT_CONVERSION = YES_AGGRESSIVE;
				CLANG_CXX_LANGUAGE_STANDARD = "gnu++20";
				CLANG_ENABLE_MODULES = YES;
				CLANG_ENABLE_OBJC_ARC = YES;
				CLANG_ENABLE_OBJC_WEAK = YES;
				CLANG_WARN_BLOCK_CAPTURE_AUTORELEASING = YES;
				CLANG_WARN_BOOL_CONVERSION = YES;
				CLANG_WARN_COMMA = YES;
				CLANG_WARN_CONSTANT_CONVERSION = YES;
				CLANG_WARN_DEPRECATED_OBJC_IMPLEMENTATIONS = YES;
				CLANG_WARN_DIRECT_OBJC_ISA_USAGE = YES_ERROR;
				CLANG_WARN_DOCUMENTATION_COMMENTS = YES;
				CLANG_WARN_EMPTY_BODY = YES;
				CLANG_WARN_ENUM_CONVERSION = YES;
				CLANG_WARN_INFINITE_RECURSION = YES;
				CLANG_WARN_INT_CONVERSION = YES;
				CLANG_WARN_NON_LITERAL_NULL_CONVERSION = YES;
				CLANG_WARN_OBJC_IMPLICIT_RETAIN_SELF = YES;
				CLANG_WARN_OBJC_LITERAL_CONVERSION = YES;
				CLANG_WARN_OBJC_ROOT_CLASS = YES_ERROR;
				CLANG_WARN_QUOTED_INCLUDE_IN_FRAMEWORK_HEADER = YES;
				CLANG_WARN_RANGE_LOOP_ANALYSIS = YES;
				CLANG_WARN_STRICT_PROTOTYPES = YES;
				CLANG_WARN_SUSPICIOUS_MOVE = YES;
				CLANG_WARN_UNGUARDED_AVAILABILITY = YES_AGGRESSIVE;
				CLANG_WARN_UNREACHABLE_CODE = YES;
				CLANG_WARN__DUPLICATE_METHOD_MATCH = YES;
				COPY_PHASE_STRIP = NO;
				DEBUG_INFORMATION_FORMAT = "dwarf-with-dsym";
				ENABLE_NS_ASSERTIONS = NO;
				ENABLE_STRICT_OBJC_MSGSEND = YES;
				GCC_C_LANGUAGE_STANDARD = gnu11;
				GCC_NO_COMMON_BLOCKS = YES;
				GCC_WARN_64_TO_32_BIT_CONVERSION = YES;
				GCC_WARN_ABOUT_RETURN_TYPE = YES_ERROR;
				GCC_WARN_UNDECLARED_SELECTOR = YES;
				GCC_WARN_UNINITIALIZED_AUTOS = YES_AGGRESSIVE;
				GCC_WARN_UNUSED_FUNCTION = YES;
				GCC_WARN_UNUSED_VARIABLE = YES;
				IPHONEOS_DEPLOYMENT_TARGET = 16.2;
				MTL_ENABLE_DEBUG_INFO = NO;
				MTL_FAST_MATH = YES;
				SDKROOT = iphoneos;
				SWIFT_COMPILATION_MODE = wholemodule;
				SWIFT_OPTIMIZATION_LEVEL = "-O";
				VALIDATE_PRODUCT = YES;
			};
			name = Release;
		};
		7BBCE26429ACD8AB004DFC31 /* Debug */ = {
			isa = XCBuildConfiguration;
			buildSettings = {
				ASSETCATALOG_COMPILER_APPICON_NAME = AppIcon;
				ASSETCATALOG_COMPILER_GLOBAL_ACCENT_COLOR_NAME = AccentColor;
				CODE_SIGN_STYLE = Automatic;
				CURRENT_PROJECT_VERSION = 1;
				DEVELOPMENT_ASSET_PATHS = "\"CustomFonts/Preview Content\"";
				DEVELOPMENT_TEAM = 9F7BXCAFA2;
				ENABLE_PREVIEWS = YES;
				GENERATE_INFOPLIST_FILE = YES;
				INFOPLIST_FILE = CustomFonts/Info.plist;
				INFOPLIST_KEY_UIApplicationSceneManifest_Generation = YES;
				INFOPLIST_KEY_UIApplicationSupportsIndirectInputEvents = YES;
				INFOPLIST_KEY_UILaunchScreen_Generation = YES;
				INFOPLIST_KEY_UISupportedInterfaceOrientations_iPad = "UIInterfaceOrientationPortrait UIInterfaceOrientationPortraitUpsideDown UIInterfaceOrientationLandscapeLeft UIInterfaceOrientationLandscapeRight";
				INFOPLIST_KEY_UISupportedInterfaceOrientations_iPhone = "UIInterfaceOrientationPortrait UIInterfaceOrientationLandscapeLeft UIInterfaceOrientationLandscapeRight";
				LD_RUNPATH_SEARCH_PATHS = (
					"$(inherited)",
					"@executable_path/Frameworks",
				);
				MARKETING_VERSION = 1.0;
				PRODUCT_BUNDLE_IDENTIFIER = com.codewithkyo.CustomFonts;
				PRODUCT_NAME = "$(TARGET_NAME)";
				SWIFT_EMIT_LOC_STRINGS = YES;
				SWIFT_VERSION = 5.0;
				TARGETED_DEVICE_FAMILY = "1,2";
			};
			name = Debug;
		};
		7BBCE26529ACD8AB004DFC31 /* Release */ = {
			isa = XCBuildConfiguration;
			buildSettings = {
				ASSETCATALOG_COMPILER_APPICON_NAME = AppIcon;
				ASSETCATALOG_COMPILER_GLOBAL_ACCENT_COLOR_NAME = AccentColor;
				CODE_SIGN_STYLE = Automatic;
				CURRENT_PROJECT_VERSION = 1;
				DEVELOPMENT_ASSET_PATHS = "\"CustomFonts/Preview Content\"";
				DEVELOPMENT_TEAM = 9F7BXCAFA2;
				ENABLE_PREVIEWS = YES;
				GENERATE_INFOPLIST_FILE = YES;
				INFOPLIST_FILE = CustomFonts/Info.plist;
				INFOPLIST_KEY_UIApplicationSceneManifest_Generation = YES;
				INFOPLIST_KEY_UIApplicationSupportsIndirectInputEvents = YES;
				INFOPLIST_KEY_UILaunchScreen_Generation = YES;
				INFOPLIST_KEY_UISupportedInterfaceOrientations_iPad = "UIInterfaceOrientationPortrait UIInterfaceOrientationPortraitUpsideDown UIInterfaceOrientationLandscapeLeft UIInterfaceOrientationLandscapeRight";
				INFOPLIST_KEY_UISupportedInterfaceOrientations_iPhone = "UIInterfaceOrientationPortrait UIInterfaceOrientationLandscapeLeft UIInterfaceOrientationLandscapeRight";
				LD_RUNPATH_SEARCH_PATHS = (
					"$(inherited)",
					"@executable_path/Frameworks",
				);
				MARKETING_VERSION = 1.0;
				PRODUCT_BUNDLE_IDENTIFIER = com.codewithkyo.CustomFonts;
				PRODUCT_NAME = "$(TARGET_NAME)";
				SWIFT_EMIT_LOC_STRINGS = YES;
				SWIFT_VERSION = 5.0;
				TARGETED_DEVICE_FAMILY = "1,2";
			};
			name = Release;
		};
/* End XCBuildConfiguration section */

/* Begin XCConfigurationList section */
		7BBCE25029ACD8A3004DFC31 /* Build configuration list for PBXProject "CustomFonts" */ = {
			isa = XCConfigurationList;
			buildConfigurations = (
				7BBCE26129ACD8AB004DFC31 /* Debug */,
				7BBCE26229ACD8AB004DFC31 /* Release */,
			);
			defaultConfigurationIsVisible = 0;
			defaultConfigurationName = Release;
		};
		7BBCE26329ACD8AB004DFC31 /* Build configuration list for PBXNativeTarget "CustomFonts" */ = {
			isa = XCConfigurationList;
			buildConfigurations = (
				7BBCE26429ACD8AB004DFC31 /* Debug */,
				7BBCE26529ACD8AB004DFC31 /* Release */,
			);
			defaultConfigurationIsVisible = 0;
			defaultConfigurationName = Release;
		};
/* End XCConfigurationList section */
	};
	rootObject = 7BBCE24D29ACD8A3004DFC31 /* Project object */;
}
